
Microsoft Visual Studio Solution File, Format Version 12.00
# Visual Studio Version 16
VisualStudioVersion = 16.0.810.17
MinimumVisualStudioVersion = 10.0.40219.1
Project("{FAE04EC0-301F-11D3-BF4B-00C04F79EFBC}") = "QAUken", "QAUken\QAUken.csproj", "{984661E7-323D-45A0-90DF-82AD39F1A1F5}"
EndProject
Global
	GlobalSection(SolutionConfigurationPlatforms) = preSolution
		Debug|Any CPU = Debug|Any CPU
		Release|Any CPU = Release|Any CPU
	EndGlobalSection
	GlobalSection(ProjectConfigurationPlatforms) = postSolution
		{984661E7-323D-45A0-90DF-82AD39F1A1F5}.Debug|Any CPU.ActiveCfg = Debug|Any CPU
		{984661E7-323D-45A0-90DF-82AD39F1A1F5}.Debug|Any CPU.Build.0 = Debug|Any CPU
		{984661E7-323D-45A0-90DF-82AD39F1A1F5}.Release|Any CPU.ActiveCfg = Release|Any CPU
		{984661E7-323D-45A0-90DF-82AD39F1A1F5}.Release|Any CPU.Build.0 = Release|Any CPU
	EndGlobalSection
	GlobalSection(SolutionProperties) = preSolution
		HideSolutionNode = FALSE
	EndGlobalSection
	GlobalSection(ExtensibilityGlobals) = postSolution
		SolutionGuid = {7F39F6CC-8205-4CE3-B10B-7A70BFA2AD37}
	EndGlobalSection
EndGlobal
